<?xml version="1.0" encoding="utf-8"?>
<Project ToolsVersion="4.0" xmlns="http://schemas.microsoft.com/developer/msbuild/2003">
  <ItemGroup>
    <Filter Include="Data">
      <UniqueIdentifier>{d5e481e7-165e-4cfe-a8c7-daa5b92ec8cd}</UniqueIdentifier>
    </Filter>
    <Filter Include="Light">
      <UniqueIdentifier>{8596c078-69c7-423d-9c9e-3f55fd3d1593}</UniqueIdentifier>
    </Filter>
    <Filter Include="Renderer">
      <UniqueIdentifier>{b42cd737-431b-4bf8-a82e-c83c5641d2b1}</UniqueIdentifier>
    </Filter>
    <Filter Include="imgui">
      <UniqueIdentifier>{a1b44dfb-f337-4bfc-9790-877d5e2a4562}</UniqueIdentifier>
    </Filter>
    <Filter Include="thekla">
      <UniqueIdentifier>{a1e5630e-d2ed-4bec-94f5-badae96aad87}</UniqueIdentifier>
    </Filter>
    <Filter Include="thekla\nvimage">
      <UniqueIdentifier>{0f502302-9b5f-4f2e-82cb-610f262d4e17}</UniqueIdentifier>
    </Filter>
    <Filter Include="thekla\nvcore">
      <UniqueIdentifier>{1612634a-a44f-4389-9429-1d43ea33a390}</UniqueIdentifier>
    </Filter>
    <Filter Include="thekla\nvmath">
      <UniqueIdentifier>{4365a943-bfb4-4b03-8b8b-419bbc3e4ea6}</UniqueIdentifier>
    </Filter>
    <Filter Include="thekla\nvmesh">
      <UniqueIdentifier>{3bbe3e95-9574-492b-9aca-fe89d2df1558}</UniqueIdentifier>
    </Filter>
    <Filter Include="Utility">
      <UniqueIdentifier>{8b0fe72a-d4ec-4009-a756-0ea967166324}</UniqueIdentifier>
    </Filter>
  </ItemGroup>
  <ItemGroup>
    <ClInclude Include="Data\DataManager.hpp">
      <Filter>Data</Filter>
    </ClInclude>
    <ClInclude Include="Light\Light.hpp">
      <Filter>Light</Filter>
    </ClInclude>
    <ClInclude Include="Renderer\Renderer.hpp">
      <Filter>Renderer</Filter>
    </ClInclude>
    <ClInclude Include="Dependency\imgui\imstb_truetype.h">
      <Filter>imgui</Filter>
    </ClInclude>
    <ClInclude Include="Dependency\imgui\imconfig.h">
      <Filter>imgui</Filter>
    </ClInclude>
    <ClInclude Include="Dependency\imgui\imgui.h">
      <Filter>imgui</Filter>
    </ClInclude>
    <ClInclude Include="Dependency\imgui\imgui_impl_glfw.h">
      <Filter>imgui</Filter>
    </ClInclude>
    <ClInclude Include="Dependency\imgui\imgui_impl_opengl3.h">
      <Filter>imgui</Filter>
    </ClInclude>
    <ClInclude Include="Dependency\imgui\imgui_impl_opengl3_loader.h">
      <Filter>imgui</Filter>
    </ClInclude>
    <ClInclude Include="Dependency\imgui\imgui_internal.h">
      <Filter>imgui</Filter>
    </ClInclude>
    <ClInclude Include="Dependency\imgui\imstb_rectpack.h">
      <Filter>imgui</Filter>
    </ClInclude>
    <ClInclude Include="Dependency\imgui\imstb_textedit.h">
      <Filter>imgui</Filter>
    </ClInclude>
    <ClInclude Include="Renderer\ToolState.hpp">
      <Filter>Renderer</Filter>
    </ClInclude>
    <ClInclude Include="Renderer\Mesh.hpp">
      <Filter>Renderer</Filter>
    </ClInclude>
    <ClInclude Include="Renderer\Camera.hpp">
      <Filter>Renderer</Filter>
    </ClInclude>
    <ClInclude Include="Renderer\RenderTarget.hpp">
      <Filter>Renderer</Filter>
    </ClInclude>
    <ClInclude Include="Dependency\thekla\nvcore\Array.h">
      <Filter>thekla\nvcore</Filter>
    </ClInclude>
    <ClInclude Include="Dependency\thekla\nvcore\BitArray.h">
      <Filter>thekla\nvcore</Filter>
    </ClInclude>
    <ClInclude Include="Dependency\thekla\nvcore\Debug.h">
      <Filter>thekla\nvcore</Filter>
    </ClInclude>
    <ClInclude Include="Dependency\thekla\nvcore\DefsGnucDarwin.h">
      <Filter>thekla\nvcore</Filter>
    </ClInclude>
    <ClInclude Include="Dependency\thekla\nvcore\DefsGnucLinux.h">
      <Filter>thekla\nvcore</Filter>
    </ClInclude>
    <ClInclude Include="Dependency\thekla\nvcore\DefsGnucWin32.h">
      <Filter>thekla\nvcore</Filter>
    </ClInclude>
    <ClInclude Include="Dependency\thekla\nvcore\DefsVcWin32.h">
      <Filter>thekla\nvcore</Filter>
    </ClInclude>
    <ClInclude Include="Dependency\thekla\nvcore\FileSystem.h">
      <Filter>thekla\nvcore</Filter>
    </ClInclude>
    <ClInclude Include="Dependency\thekla\nvcore\ForEach.h">
      <Filter>thekla\nvcore</Filter>
    </ClInclude>
    <ClInclude Include="Dependency\thekla\nvcore\Hash.h">
      <Filter>thekla\nvcore</Filter>
    </ClInclude>
    <ClInclude Include="Dependency\thekla\nvcore\HashMap.h">
      <Filter>thekla\nvcore</Filter>
    </ClInclude>
    <ClInclude Include="Dependency\thekla\nvcore\Memory.h">
      <Filter>thekla\nvcore</Filter>
    </ClInclude>
    <ClInclude Include="Dependency\thekla\nvcore\nvcore.h">
      <Filter>thekla\nvcore</Filter>
    </ClInclude>
    <ClInclude Include="Dependency\thekla\nvcore\Ptr.h">
      <Filter>thekla\nvcore</Filter>
    </ClInclude>
    <ClInclude Include="Dependency\thekla\nvcore\RadixSort.h">
      <Filter>thekla\nvcore</Filter>
    </ClInclude>
    <ClInclude Include="Dependency\thekla\nvcore\RefCounted.h">
      <Filter>thekla\nvcore</Filter>
    </ClInclude>
    <ClInclude Include="Dependency\thekla\nvcore\StdStream.h">
      <Filter>thekla\nvcore</Filter>
    </ClInclude>
    <ClInclude Include="Dependency\thekla\nvcore\Stream.h">
      <Filter>thekla\nvcore</Filter>
    </ClInclude>
    <ClInclude Include="Dependency\thekla\nvcore\StrLib.h">
      <Filter>thekla\nvcore</Filter>
    </ClInclude>
    <ClInclude Include="Dependency\thekla\nvcore\TextWriter.h">
      <Filter>thekla\nvcore</Filter>
    </ClInclude>
    <ClInclude Include="Dependency\thekla\nvcore\Utils.h">
      <Filter>thekla\nvcore</Filter>
    </ClInclude>
    <ClInclude Include="Dependency\thekla\nvimage\BitMap.h">
      <Filter>thekla\nvimage</Filter>
    </ClInclude>
    <ClInclude Include="Dependency\thekla\nvimage\Image.h">
      <Filter>thekla\nvimage</Filter>
    </ClInclude>
    <ClInclude Include="Dependency\thekla\nvimage\nvimage.h">
      <Filter>thekla\nvimage</Filter>
    </ClInclude>
    <ClInclude Include="Dependency\thekla\nvmath\Basis.h">
      <Filter>thekla\nvmath</Filter>
    </ClInclude>
    <ClInclude Include="Dependency\thekla\nvmath\Box.h">
      <Filter>thekla\nvmath</Filter>
    </ClInclude>
    <ClInclude Include="Dependency\thekla\nvmath\Color.h">
      <Filter>thekla\nvmath</Filter>
    </ClInclude>
    <ClInclude Include="Dependency\thekla\nvmath\ConvexHull.h">
      <Filter>thekla\nvmath</Filter>
    </ClInclude>
    <ClInclude Include="Dependency\thekla\nvmath\Fitting.h">
      <Filter>thekla\nvmath</Filter>
    </ClInclude>
    <ClInclude Include="Dependency\thekla\nvmath\ftoi.h">
      <Filter>thekla\nvmath</Filter>
    </ClInclude>
    <ClInclude Include="Dependency\thekla\nvmath\KahanSum.h">
      <Filter>thekla\nvmath</Filter>
    </ClInclude>
    <ClInclude Include="Dependency\thekla\nvmath\Matrix.h">
      <Filter>thekla\nvmath</Filter>
    </ClInclude>
    <ClInclude Include="Dependency\thekla\nvmath\Morton.h">
      <Filter>thekla\nvmath</Filter>
    </ClInclude>
    <ClInclude Include="Dependency\thekla\nvmath\nvmath.h">
      <Filter>thekla\nvmath</Filter>
    </ClInclude>
    <ClInclude Include="Dependency\thekla\nvmath\Plane.h">
      <Filter>thekla\nvmath</Filter>
    </ClInclude>
    <ClInclude Include="Dependency\thekla\nvmath\ProximityGrid.h">
      <Filter>thekla\nvmath</Filter>
    </ClInclude>
    <ClInclude Include="Dependency\thekla\nvmath\Quaternion.h">
      <Filter>thekla\nvmath</Filter>
    </ClInclude>
    <ClInclude Include="Dependency\thekla\nvmath\Random.h">
      <Filter>thekla\nvmath</Filter>
    </ClInclude>
    <ClInclude Include="Dependency\thekla\nvmath\Solver.h">
      <Filter>thekla\nvmath</Filter>
    </ClInclude>
    <ClInclude Include="Dependency\thekla\nvmath\Sparse.h">
      <Filter>thekla\nvmath</Filter>
    </ClInclude>
    <ClInclude Include="Dependency\thekla\nvmath\Sphere.h">
      <Filter>thekla\nvmath</Filter>
    </ClInclude>
    <ClInclude Include="Dependency\thekla\nvmath\TypeSerialization.h">
      <Filter>thekla\nvmath</Filter>
    </ClInclude>
    <ClInclude Include="Dependency\thekla\nvmath\Vector.h">
      <Filter>thekla\nvmath</Filter>
    </ClInclude>
    <ClInclude Include="Dependency\thekla\nvmesh\Atlas.h">
      <Filter>thekla\nvmesh</Filter>
    </ClInclude>
    <ClInclude Include="Dependency\thekla\nvmesh\AtlasBuilder.h">
      <Filter>thekla\nvmesh</Filter>
    </ClInclude>
    <ClInclude Include="Dependency\thekla\nvmesh\AtlasPacker.h">
      <Filter>thekla\nvmesh</Filter>
    </ClInclude>
    <ClInclude Include="Dependency\thekla\nvmesh\BaseMesh.h">
      <Filter>thekla\nvmesh</Filter>
    </ClInclude>
    <ClInclude Include="Dependency\thekla\nvmesh\BoundaryMap.h">
      <Filter>thekla\nvmesh</Filter>
    </ClInclude>
    <ClInclude Include="Dependency\thekla\nvmesh\Bounds.h">
      <Filter>thekla\nvmesh</Filter>
    </ClInclude>
    <ClInclude Include="Dependency\thekla\nvmesh\ClippedTriangle.h">
      <Filter>thekla\nvmesh</Filter>
    </ClInclude>
    <ClInclude Include="Dependency\thekla\nvmesh\ConformalMap.h">
      <Filter>thekla\nvmesh</Filter>
    </ClInclude>
    <ClInclude Include="Dependency\thekla\nvmesh\Edge.h">
      <Filter>thekla\nvmesh</Filter>
    </ClInclude>
    <ClInclude Include="Dependency\thekla\nvmesh\Face.h">
      <Filter>thekla\nvmesh</Filter>
    </ClInclude>
    <ClInclude Include="Dependency\thekla\nvmesh\LeastSquaresConformalMap.h">
      <Filter>thekla\nvmesh</Filter>
    </ClInclude>
    <ClInclude Include="Dependency\thekla\nvmesh\Measurements.h">
      <Filter>thekla\nvmesh</Filter>
    </ClInclude>
    <ClInclude Include="Dependency\thekla\nvmesh\Mesh.h">
      <Filter>thekla\nvmesh</Filter>
    </ClInclude>
    <ClInclude Include="Dependency\thekla\nvmesh\MeshBuilder.h">
      <Filter>thekla\nvmesh</Filter>
    </ClInclude>
    <ClInclude Include="Dependency\thekla\nvmesh\MeshExportOBJ.h">
      <Filter>thekla\nvmesh</Filter>
    </ClInclude>
    <ClInclude Include="Dependency\thekla\nvmesh\MeshTopology.h">
      <Filter>thekla\nvmesh</Filter>
    </ClInclude>
    <ClInclude Include="Dependency\thekla\nvmesh\nvmesh.h">
      <Filter>thekla\nvmesh</Filter>
    </ClInclude>
    <ClInclude Include="Dependency\thekla\nvmesh\OrthogonalProjectionMap.h">
      <Filter>thekla\nvmesh</Filter>
    </ClInclude>
    <ClInclude Include="Dependency\thekla\nvmesh\ParameterizationQuality.h">
      <Filter>thekla\nvmesh</Filter>
    </ClInclude>
    <ClInclude Include="Dependency\thekla\nvmesh\QuadTriMesh.h">
      <Filter>thekla\nvmesh</Filter>
    </ClInclude>
    <ClInclude Include="Dependency\thekla\nvmesh\Raster.h">
      <Filter>thekla\nvmesh</Filter>
    </ClInclude>
    <ClInclude Include="Dependency\thekla\nvmesh\SingleFaceMap.h">
      <Filter>thekla\nvmesh</Filter>
    </ClInclude>
    <ClInclude Include="Dependency\thekla\nvmesh\Snap.h">
      <Filter>thekla\nvmesh</Filter>
    </ClInclude>
    <ClInclude Include="Dependency\thekla\nvmesh\TriMesh.h">
      <Filter>thekla\nvmesh</Filter>
    </ClInclude>
    <ClInclude Include="Dependency\thekla\nvmesh\Util.h">
      <Filter>thekla\nvmesh</Filter>
    </ClInclude>
    <ClInclude Include="Dependency\thekla\nvmesh\Vertex.h">
      <Filter>thekla\nvmesh</Filter>
    </ClInclude>
    <ClInclude Include="Dependency\thekla\nvmesh\VertexWeld.h">
      <Filter>thekla\nvmesh</Filter>
    </ClInclude>
    <ClInclude Include="Dependency\thekla\nvmesh\Weld.h">
      <Filter>thekla\nvmesh</Filter>
    </ClInclude>
    <ClInclude Include="Dependency\thekla\thekla_atlas.h">
      <Filter>thekla</Filter>
    </ClInclude>
    <ClInclude Include="Dependency\thekla\nvconfig.h">
      <Filter>thekla</Filter>
    </ClInclude>
    <ClInclude Include="Dependency\thekla\nvcore\posh.h">
      <Filter>thekla\nvcore</Filter>
    </ClInclude>
    <ClInclude Include="Light\Lightmap.hpp">
      <Filter>Light</Filter>
    </ClInclude>
    <ClInclude Include="Renderer\UI.hpp">
      <Filter>Renderer</Filter>
    </ClInclude>
    <ClInclude Include="Utility\Singleton.hpp">
      <Filter>Utility</Filter>
    </ClInclude>
    <ClInclude Include="Renderer\Splitter.hpp">
      <Filter>Renderer</Filter>
    </ClInclude>
    <ClInclude Include="Renderer\RenderEnums.hpp">
      <Filter>Renderer</Filter>
    </ClInclude>
  </ItemGroup>
  <ItemGroup>
    <ClCompile Include="Data\DataManager.cpp">
      <Filter>Data</Filter>
    </ClCompile>
    <ClCompile Include="Light\Light.cpp">
      <Filter>Light</Filter>
    </ClCompile>
    <ClCompile Include="Renderer\Renderer.cpp">
      <Filter>Renderer</Filter>
    </ClCompile>
    <ClCompile Include="main.cpp" />
    <ClCompile Include="Dependency\imgui\imgui.cpp">
      <Filter>imgui</Filter>
    </ClCompile>
    <ClCompile Include="Dependency\imgui\imgui_demo.cpp">
      <Filter>imgui</Filter>
    </ClCompile>
    <ClCompile Include="Dependency\imgui\imgui_draw.cpp">
      <Filter>imgui</Filter>
    </ClCompile>
    <ClCompile Include="Dependency\imgui\imgui_impl_glfw.cpp">
      <Filter>imgui</Filter>
    </ClCompile>
    <ClCompile Include="Dependency\imgui\imgui_impl_opengl3.cpp">
      <Filter>imgui</Filter>
    </ClCompile>
    <ClCompile Include="Dependency\imgui\imgui_tables.cpp">
      <Filter>imgui</Filter>
    </ClCompile>
    <ClCompile Include="Dependency\imgui\imgui_widgets.cpp">
      <Filter>imgui</Filter>
    </ClCompile>
    <ClCompile Include="Renderer\ToolState.cpp">
      <Filter>Renderer</Filter>
    </ClCompile>
    <ClCompile Include="Renderer\Mesh.cpp">
      <Filter>Renderer</Filter>
    </ClCompile>
    <ClCompile Include="Renderer\Camera.cpp">
      <Filter>Renderer</Filter>
    </ClCompile>
    <ClCompile Include="Renderer\RenderTarget.cpp">
      <Filter>Renderer</Filter>
    </ClCompile>
    <ClCompile Include="Dependency\thekla\thekla_atlas.cpp">
      <Filter>thekla</Filter>
    </ClCompile>
    <ClCompile Include="Light\Lightmap.cpp">
      <Filter>Light</Filter>
    </ClCompile>
    <ClCompile Include="Renderer\UI.cpp">
      <Filter>Renderer</Filter>
    </ClCompile>
    <ClCompile Include="Renderer\Splitter.cpp">
      <Filter>Renderer</Filter>
    </ClCompile>
  </ItemGroup>
  <ItemGroup>
    <None Include="Dependency\thekla\nvcore\Array.inl">
      <Filter>thekla\nvcore</Filter>
    </None>
    <None Include="Dependency\thekla\nvcore\HashMap.inl">
      <Filter>thekla\nvcore</Filter>
    </None>
    <None Include="Dependency\thekla\nvmath\Box.inl">
      <Filter>thekla\nvmath</Filter>
    </None>
    <None Include="Dependency\thekla\nvmath\Matrix.inl">
      <Filter>thekla\nvmath</Filter>
    </None>
    <None Include="Dependency\thekla\nvmath\Plane.inl">
      <Filter>thekla\nvmath</Filter>
    </None>
    <None Include="Dependency\thekla\nvmath\Vector.inl">
      <Filter>thekla\nvmath</Filter>
    </None>
  </ItemGroup>
</Project>